// !$*UTF8*$!
{
	archiveVersion = 1;
	classes = {
	};
	objectVersion = 50;
	objects = {

/* Begin PBXBuildFile section */
		FB2FE73824C48DBA0091F470 /* AppDelegate.swift in Sources */ = {isa = PBXBuildFile; fileRef = FB2FE73724C48DBA0091F470 /* AppDelegate.swift */; };
		FB2FE73A24C48DBA0091F470 /* SceneDelegate.swift in Sources */ = {isa = PBXBuildFile; fileRef = FB2FE73924C48DBA0091F470 /* SceneDelegate.swift */; };
		FB2FE73C24C48DBA0091F470 /* ContentView.swift in Sources */ = {isa = PBXBuildFile; fileRef = FB2FE73B24C48DBA0091F470 /* ContentView.swift */; };
		FB2FE73E24C48DBC0091F470 /* Assets.xcassets in Resources */ = {isa = PBXBuildFile; fileRef = FB2FE73D24C48DBC0091F470 /* Assets.xcassets */; };
		FB2FE74124C48DBC0091F470 /* Preview Assets.xcassets in Resources */ = {isa = PBXBuildFile; fileRef = FB2FE74024C48DBC0091F470 /* Preview Assets.xcassets */; };
		FB2FE74424C48DBC0091F470 /* LaunchScreen.storyboard in Resources */ = {isa = PBXBuildFile; fileRef = FB2FE74224C48DBC0091F470 /* LaunchScreen.storyboard */; };
/* End PBXBuildFile section */

/* Begin PBXFileReference section */
		FB2FE73424C48DBA0091F470 /* NekoMusic.app */ = {isa = PBXFileReference; explicitFileType = wrapper.application; includeInIndex = 0; path = NekoMusic.app; sourceTree = BUILT_PRODUCTS_DIR; };
		FB2FE73724C48DBA0091F470 /* AppDelegate.swift */ = {isa = PBXFileReference; lastKnownFileType = sourcecode.swift; path = AppDelegate.swift; sourceTree = "<group>"; };
		FB2FE73924C48DBA0091F470 /* SceneDelegate.swift */ = {isa = PBXFileReference; lastKnownFileType = sourcecode.swift; path = SceneDelegate.swift; sourceTree = "<group>"; };
		FB2FE73B24C48DBA0091F470 /* ContentView.swift */ = {isa = PBXFileReference; lastKnownFileType = sourcecode.swift; path = ContentView.swift; sourceTree = "<group>"; };
		FB2FE73D24C48DBC0091F470 /* Assets.xcassets */ = {isa = PBXFileReference; lastKnownFileType = folder.assetcatalog; path = Assets.xcassets; sourceTree = "<group>"; };
		FB2FE74024C48DBC0091F470 /* Preview Assets.xcassets */ = {isa = PBXFileReference; lastKnownFileType = folder.assetcatalog; path = "Preview Assets.xcassets"; sourceTree = "<group>"; };
		FB2FE74324C48DBC0091F470 /* Base */ = {isa = PBXFileReference; lastKnownFileType = file.storyboard; name = Base; path = Base.lproj/LaunchScreen.storyboard; sourceTree = "<group>"; };
		FB2FE74524C48DBC0091F470 /* Info.plist */ = {isa = PBXFileReference; lastKnownFileType = text.plist.xml; path = Info.plist; sourceTree = "<group>"; };
/* End PBXFileReference section */

/* Begin PBXFrameworksBuildPhase section */
		FB2FE73124C48DBA0091F470 /* Frameworks */ = {
			isa = PBXFrameworksBuildPhase;
			buildActionMask = 2147483647;
			files = (
			);
			runOnlyForDeploymentPostprocessing = 0;
		};
/* End PBXFrameworksBuildPhase section */

/* Begin PBXGroup section */
		FB2FE72B24C48DBA0091F470 = {
			isa = PBXGroup;
			children = (
				FB2FE73624C48DBA0091F470 /* NekoMusic */,
				FB2FE73524C48DBA0091F470 /* Products */,
			);
			sourceTree = "<group>";
		};
		FB2FE73524C48DBA0091F470 /* Products */ = {
			isa = PBXGroup;
			children = (
				FB2FE73424C48DBA0091F470 /* NekoMusic.app */,
			);
			name = Products;
			sourceTree = "<group>";
		};
		FB2FE73624C48DBA0091F470 /* NekoMusic */ = {
			isa = PBXGroup;
			children = (
				FB2FE73724C48DBA0091F470 /* AppDelegate.swift */,
				FB2FE73924C48DBA0091F470 /* SceneDelegate.swift */,
				FB2FE73B24C48DBA0091F470 /* ContentView.swift */,
				FB2FE73D24C48DBC0091F470 /* Assets.xcassets */,
				FB2FE74224C48DBC0091F470 /* LaunchScreen.storyboard */,
				FB2FE74524C48DBC0091F470 /* Info.plist */,
				FB2FE73F24C48DBC0091F470 /* Preview Content */,
			);
			path = NekoMusic;
			sourceTree = "<group>";
		};
		FB2FE73F24C48DBC0091F470 /* Preview Content */ = {
			isa = PBXGroup;
			children = (
				FB2FE74024C48DBC0091F470 /* Preview Assets.xcassets */,
			);
			path = "Preview Content";
			sourceTree = "<group>";
		};
/* End PBXGroup section */

/* Begin PBXNativeTarget section */
		FB2FE73324C48DBA0091F470 /* NekoMusic */ = {
			isa = PBXNativeTarget;
			buildConfigurationList = FB2FE74824C48DBC0091F470 /* Build configuration list for PBXNativeTarget "NekoMusic" */;
			buildPhases = (
				FB2FE73024C48DBA0091F470 /* Sources */,
				FB2FE73124C48DBA0091F470 /* Frameworks */,
				FB2FE73224C48DBA0091F470 /* Resources */,
			);
			buildRules = (
			);
			dependencies = (
			);
			name = NekoMusic;
			productName = NekoMusic;
			productReference = FB2FE73424C48DBA0091F470 /* NekoMusic.app */;
			productType = "com.apple.product-type.application";
		};
/* End PBXNativeTarget section */

/* Begin PBXProject section */
		FB2FE72C24C48DBA0091F470 /* Project object */ = {
			isa = PBXProject;
			attributes = {
				LastSwiftUpdateCheck = 1160;
				LastUpgradeCheck = 1160;
				ORGANIZATIONNAME = "Sergey Fominov";
				TargetAttributes = {
					FB2FE73324C48DBA0091F470 = {
						CreatedOnToolsVersion = 11.6;
					};
				};
			};
			buildConfigurationList = FB2FE72F24C48DBA0091F470 /* Build configuration list for PBXProject "NekoMusic" */;
			compatibilityVersion = "Xcode 9.3";
			developmentRegion = en;
			hasScannedForEncodings = 0;
			knownRegions = (
				en,
				Base,
			);
			mainGroup = FB2FE72B24C48DBA0091F470;
			productRefGroup = FB2FE73524C48DBA0091F470 /* Products */;
			projectDirPath = "";
			projectRoot = "";
			targets = (
				FB2FE73324C48DBA0091F470 /* NekoMusic */,
			);
		};
/* End PBXProject section */

/* Begin PBXResourcesBuildPhase section */
		FB2FE73224C48DBA0091F470 /* Resources */ = {
			isa = PBXResourcesBuildPhase;
			buildActionMask = 2147483647;
			files = (
				FB2FE74424C48DBC0091F470 /* LaunchScreen.storyboard in Resources */,
				FB2FE74124C48DBC0091F470 /* Preview Assets.xcassets in Resources */,
				FB2FE73E24C48DBC0091F470 /* Assets.xcassets in Resources */,
			);
			runOnlyForDeploymentPostprocessing = 0;
		};
/* End PBXResourcesBuildPhase section */

/* Begin PBXSourcesBuildPhase section */
		FB2FE73024C48DBA0091F470 /* Sources */ = {
			isa = PBXSourcesBuildPhase;
			buildActionMask = 2147483647;
			files = (
				FB2FE73824C48DBA0091F470 /* AppDelegate.swift in Sources */,
				FB2FE73A24C48DBA0091F470 /* SceneDelegate.swift in Sources */,
				FB2FE73C24C48DBA0091F470 /* ContentView.swift in Sources */,
			);
			runOnlyForDeploymentPostprocessing = 0;
		};
/* End PBXSourcesBuildPhase section */

/* Begin PBXVariantGroup section */
		FB2FE74224C48DBC0091F470 /* LaunchScreen.storyboard */ = {
			isa = PBXVariantGroup;
			children = (
				FB2FE74324C48DBC0091F470 /* Base */,
			);
			name = LaunchScreen.storyboard;
			sourceTree = "<group>";
		};
/* End PBXVariantGroup section */

/* Begin XCBuildConfiguration section */
		FB2FE74624C48DBC0091F470 /* Debug */ = {
			isa = XCBuildConfiguration;
			buildSettings = {
				ALWAYS_SEARCH_USER_PATHS = NO;
				CLANG_ANALYZER_NONNULL = YES;
				CLANG_ANALYZER_NUMBER_OBJECT_CONVERSION = YES_AGGRESSIVE;
				CLANG_CXX_LANGUAGE_STANDARD = "gnu++14";
				CLANG_CXX_LIBRARY = "libc++";
				CLANG_ENABLE_MODULES = YES;
				CLANG_ENABLE_OBJC_ARC = YES;
				CLANG_ENABLE_OBJC_WEAK = YES;
				CLANG_WARN_BLOCK_CAPTURE_AUTORELEASING = YES;
				CLANG_WARN_BOOL_CONVERSION = YES;
				CLANG_WARN_COMMA = YES;
				CLANG_WARN_CONSTANT_CONVERSION = YES;
				CLANG_WARN_DEPRECATED_OBJC_IMPLEMENTATIONS = YES;
				CLANG_WARN_DIRECT_OBJC_ISA_USAGE = YES_ERROR;
				CLANG_WARN_DOCUMENTATION_COMMENTS = YES;
				CLANG_WARN_EMPTY_BODY = YES;
				CLANG_WARN_ENUM_CONVERSION = YES;
				CLANG_WARN_INFINITE_RECURSION = YES;
				CLANG_WARN_INT_CONVERSION = YES;
				CLANG_WARN_NON_LITERAL_NULL_CONVERSION = YES;
				CLANG_WARN_OBJC_IMPLICIT_RETAIN_SELF = YES;
				CLANG_WARN_OBJC_LITERAL_CONVERSION = YES;
				CLANG_WARN_OBJC_ROOT_CLASS = YES_ERROR;
				CLANG_WARN_RANGE_LOOP_ANALYSIS = YES;
				CLANG_WARN_STRICT_PROTOTYPES = YES;
				CLANG_WARN_SUSPICIOUS_MOVE = YES;
				CLANG_WARN_UNGUARDED_AVAILABILITY = YES_AGGRESSIVE;
				CLANG_WARN_UNREACHABLE_CODE = YES;
				CLANG_WARN__DUPLICATE_METHOD_MATCH = YES;
				COPY_PHASE_STRIP = NO;
				DEBUG_INFORMATION_FORMAT = dwarf;
				ENABLE_STRICT_OBJC_MSGSEND = YES;
				ENABLE_TESTABILITY = YES;
				GCC_C_LANGUAGE_STANDARD = gnu11;
				GCC_DYNAMIC_NO_PIC = NO;
				GCC_NO_COMMON_BLOCKS = YES;
				GCC_OPTIMIZATION_LEVEL = 0;
				GCC_PREPROCESSOR_DEFINITIONS = (
					"DEBUG=1",
					"$(inherited)",
				);
				GCC_WARN_64_TO_32_BIT_CONVERSION = YES;
				GCC_WARN_ABOUT_RETURN_TYPE = YES_ERROR;
				GCC_WARN_UNDECLARED_SELECTOR = YES;
				GCC_WARN_UNINITIALIZED_AUTOS = YES_AGGRESSIVE;
				GCC_WARN_UNUSED_FUNCTION = YES;
				GCC_WARN_UNUSED_VARIABLE = YES;
				IPHONEOS_DEPLOYMENT_TARGET = 13.6;
				MTL_ENABLE_DEBUG_INFO = INCLUDE_SOURCE;
				MTL_FAST_MATH = YES;
				ONLY_ACTIVE_ARCH = YES;
				SDKROOT = iphoneos;
				SWIFT_ACTIVE_COMPILATION_CONDITIONS = DEBUG;
				SWIFT_OPTIMIZATION_LEVEL = "-Onone";
			};
			name = Debug;
		};
		FB2FE74724C48DBC0091F470 /* Release */ = {
			isa = XCBuildConfiguration;
			buildSettings = {
				ALWAYS_SEARCH_USER_PATHS = NO;
				CLANG_ANALYZER_NONNULL = YES;
				CLANG_ANALYZER_NUMBER_OBJECT_CONVERSION = YES_AGGRESSIVE;
				CLANG_CXX_LANGUAGE_STANDARD = "gnu++14";
				CLANG_CXX_LIBRARY = "libc++";
				CLANG_ENABLE_MODULES = YES;
				CLANG_ENABLE_OBJC_ARC = YES;
				CLANG_ENABLE_OBJC_WEAK = YES;
				CLANG_WARN_BLOCK_CAPTURE_AUTORELEASING = YES;
				CLANG_WARN_BOOL_CONVERSION = YES;
				CLANG_WARN_COMMA = YES;
				CLANG_WARN_CONSTANT_CONVERSION = YES;
				CLANG_WARN_DEPRECATED_OBJC_IMPLEMENTATIONS = YES;
				CLANG_WARN_DIRECT_OBJC_ISA_USAGE = YES_ERROR;
				CLANG_WARN_DOCUMENTATION_COMMENTS = YES;
				CLANG_WARN_EMPTY_BODY = YES;
				CLANG_WARN_ENUM_CONVERSION = YES;
				CLANG_WARN_INFINITE_RECURSION = YES;
				CLANG_WARN_INT_CONVERSION = YES;
				CLANG_WARN_NON_LITERAL_NULL_CONVERSION = YES;
				CLANG_WARN_OBJC_IMPLICIT_RETAIN_SELF = YES;
				CLANG_WARN_OBJC_LITERAL_CONVERSION = YES;
				CLANG_WARN_OBJC_ROOT_CLASS = YES_ERROR;
				CLANG_WARN_RANGE_LOOP_ANALYSIS = YES;
				CLANG_WARN_STRICT_PROTOTYPES = YES;
				CLANG_WARN_SUSPICIOUS_MOVE = YES;
				CLANG_WARN_UNGUARDED_AVAILABILITY = YES_AGGRESSIVE;
				CLANG_WARN_UNREACHABLE_CODE = YES;
				CLANG_WARN__DUPLICATE_METHOD_MATCH = YES;
				COPY_PHASE_STRIP = NO;
				DEBUG_INFORMATION_FORMAT = "dwarf-with-dsym";
				ENABLE_NS_ASSERTIONS = NO;
				ENABLE_STRICT_OBJC_MSGSEND = YES;
				GCC_C_LANGUAGE_STANDARD = gnu11;
				GCC_NO_COMMON_BLOCKS = YES;
				GCC_WARN_64_TO_32_BIT_CONVERSION = YES;
				GCC_WARN_ABOUT_RETURN_TYPE = YES_ERROR;
				GCC_WARN_UNDECLARED_SELECTOR = YES;
				GCC_WARN_UNINITIALIZED_AUTOS = YES_AGGRESSIVE;
				GCC_WARN_UNUSED_FUNCTION = YES;
				GCC_WARN_UNUSED_VARIABLE = YES;
				IPHONEOS_DEPLOYMENT_TARGET = 13.6;
				MTL_ENABLE_DEBUG_INFO = NO;
				MTL_FAST_MATH = YES;
				SDKROOT = iphoneos;
				SWIFT_COMPILATION_MODE = wholemodule;
				SWIFT_OPTIMIZATION_LEVEL = "-O";
				VALIDATE_PRODUCT = YES;
			};
			name = Release;
		};
		FB2FE74924C48DBC0091F470 /* Debug */ = {
			isa = XCBuildConfiguration;
			buildSettings = {
				ASSETCATALOG_COMPILER_APPICON_NAME = AppIcon;
				CODE_SIGN_STYLE = Automatic;
				DEVELOPMENT_ASSET_PATHS = "\"NekoMusic/Preview Content\"";
				ENABLE_PREVIEWS = YES;
				INFOPLIST_FILE = NekoMusic/Info.plist;
				LD_RUNPATH_SEARCH_PATHS = (
					"$(inherited)",
					"@executable_path/Frameworks",
				);
				PRODUCT_BUNDLE_IDENTIFIER = CaramelHeaven.NekoMusic;
				PRODUCT_NAME = "$(TARGET_NAME)";
				SWIFT_VERSION = 5.0;
				TARGETED_DEVICE_FAMILY = "1,2";
			};
			name = Debug;
		};
		FB2FE74A24C48DBC0091F470 /* Release */ = {
			isa = XCBuildConfiguration;
			buildSettings = {
				ASSETCATALOG_COMPILER_APPICON_NAME = AppIcon;
				CODE_SIGN_STYLE = Automatic;
				DEVELOPMENT_ASSET_PATHS = "\"NekoMusic/Preview Content\"";
				ENABLE_PREVIEWS = YES;
				INFOPLIST_FILE = NekoMusic/Info.plist;
				LD_RUNPATH_SEARCH_PATHS = (
					"$(inherited)",
					"@executable_path/Frameworks",
				);
				PRODUCT_BUNDLE_IDENTIFIER = CaramelHeaven.NekoMusic;
				PRODUCT_NAME = "$(TARGET_NAME)";
				SWIFT_VERSION = 5.0;
				TARGETED_DEVICE_FAMILY = "1,2";
			};
			name = Release;
		};
/* End XCBuildConfiguration section */

/* Begin XCConfigurationList section */
		FB2FE72F24C48DBA0091F470 /* Build configuration list for PBXProject "NekoMusic" */ = {
			isa = XCConfigurationList;
			buildConfigurations = (
				FB2FE74624C48DBC0091F470 /* Debug */,
				FB2FE74724C48DBC0091F470 /* Release */,
			);
			defaultConfigurationIsVisible = 0;
			defaultConfigurationName = Release;
		};
		FB2FE74824C48DBC0091F470 /* Build configuration list for PBXNativeTarget "NekoMusic" */ = {
			isa = XCConfigurationList;
			buildConfigurations = (
				FB2FE74924C48DBC0091F470 /* Debug */,
				FB2FE74A24C48DBC0091F470 /* Release */,
			);
			defaultConfigurationIsVisible = 0;
			defaultConfigurationName = Release;
		};
/* End XCConfigurationList section */
	};
	rootObject = FB2FE72C24C48DBA0091F470 /* Project object */;
}
